
Microsoft Visual Studio Solution File, Format Version 12.00
# Visual Studio Version 16
VisualStudioVersion = 16.0.32413.511
MinimumVisualStudioVersion = 10.0.40219.1
Project("{FAE04EC0-301F-11D3-BF4B-00C04F79EFBC}") = "Calculator", "Calculator.csproj", "{CCEDB43A-AE40-4DF4-BD60-2F55E0DC20F3}"
EndProject
Global
	GlobalSection(SolutionConfigurationPlatforms) = preSolution
		Debug|Any CPU = Debug|Any CPU
		Release|Any CPU = Release|Any CPU
	EndGlobalSection
	GlobalSection(ProjectConfigurationPlatforms) = postSolution
		{CCEDB43A-AE40-4DF4-BD60-2F55E0DC20F3}.Debug|Any CPU.ActiveCfg = Debug|Any CPU
		{CCEDB43A-AE40-4DF4-BD60-2F55E0DC20F3}.Debug|Any CPU.Build.0 = Debug|Any CPU
		{CCEDB43A-AE40-4DF4-BD60-2F55E0DC20F3}.Release|Any CPU.ActiveCfg = Release|Any CPU
		{CCEDB43A-AE40-4DF4-BD60-2F55E0DC20F3}.Release|Any CPU.Build.0 = Release|Any CPU
	EndGlobalSection
	GlobalSection(SolutionProperties) = preSolution
		HideSolutionNode = FALSE
	EndGlobalSection
	GlobalSection(ExtensibilityGlobals) = postSolution
		SolutionGuid = {B222E226-D86C-42E9-919D-6F0AB127E3C5}
	EndGlobalSection
EndGlobal
